// !$*UTF8*$!
{
	archiveVersion = 1;
	classes = {
	};
	objectVersion = 46;
	objects = {

/* Begin PBXBuildFile section */
		2D31D16A1D3F590500CF2537 /* main.m in Sources */ = {isa = PBXBuildFile; fileRef = 2D31D1691D3F590500CF2537 /* main.m */; };
		2D31D16D1D3F590500CF2537 /* AppDelegate.m in Sources */ = {isa = PBXBuildFile; fileRef = 2D31D16C1D3F590500CF2537 /* AppDelegate.m */; };
		2D31D1731D3F590500CF2537 /* Main.storyboard in Resources */ = {isa = PBXBuildFile; fileRef = 2D31D1711D3F590500CF2537 /* Main.storyboard */; };
		2D31D1751D3F590500CF2537 /* Assets.xcassets in Resources */ = {isa = PBXBuildFile; fileRef = 2D31D1741D3F590500CF2537 /* Assets.xcassets */; };
		2D31D1781D3F590500CF2537 /* LaunchScreen.storyboard in Resources */ = {isa = PBXBuildFile; fileRef = 2D31D1761D3F590500CF2537 /* LaunchScreen.storyboard */; };
		2D31D1811D3F591300CF2537 /* ViewController.m in Sources */ = {isa = PBXBuildFile; fileRef = 2D31D1801D3F591300CF2537 /* ViewController.m */; };
		2D48B9271D451C8100C01B82 /* DetailViewController.m in Sources */ = {isa = PBXBuildFile; fileRef = 2D48B9261D451C8100C01B82 /* DetailViewController.m */; };
/* End PBXBuildFile section */

/* Begin PBXFileReference section */
		2D31D1651D3F590500CF2537 /* iOS系统字体大全.app */ = {isa = PBXFileReference; explicitFileType = wrapper.application; includeInIndex = 0; path = "iOS系统字体大全.app"; sourceTree = BUILT_PRODUCTS_DIR; };
		2D31D1691D3F590500CF2537 /* main.m */ = {isa = PBXFileReference; lastKnownFileType = sourcecode.c.objc; path = main.m; sourceTree = "<group>"; };
		2D31D16B1D3F590500CF2537 /* AppDelegate.h */ = {isa = PBXFileReference; lastKnownFileType = sourcecode.c.h; path = AppDelegate.h; sourceTree = "<group>"; };
		2D31D16C1D3F590500CF2537 /* AppDelegate.m */ = {isa = PBXFileReference; lastKnownFileType = sourcecode.c.objc; path = AppDelegate.m; sourceTree = "<group>"; };
		2D31D1721D3F590500CF2537 /* Base */ = {isa = PBXFileReference; lastKnownFileType = file.storyboard; name = Base; path = Base.lproj/Main.storyboard; sourceTree = "<group>"; };
		2D31D1741D3F590500CF2537 /* Assets.xcassets */ = {isa = PBXFileReference; lastKnownFileType = folder.assetcatalog; path = Assets.xcassets; sourceTree = "<group>"; };
		2D31D1771D3F590500CF2537 /* Base */ = {isa = PBXFileReference; lastKnownFileType = file.storyboard; name = Base; path = Base.lproj/LaunchScreen.storyboard; sourceTree = "<group>"; };
		2D31D1791D3F590500CF2537 /* Info.plist */ = {isa = PBXFileReference; lastKnownFileType = text.plist.xml; path = Info.plist; sourceTree = "<group>"; };
		2D31D17F1D3F591300CF2537 /* ViewController.h */ = {isa = PBXFileReference; fileEncoding = 4; lastKnownFileType = sourcecode.c.h; path = ViewController.h; sourceTree = "<group>"; };
		2D31D1801D3F591300CF2537 /* ViewController.m */ = {isa = PBXFileReference; fileEncoding = 4; lastKnownFileType = sourcecode.c.objc; path = ViewController.m; sourceTree = "<group>"; };
		2D48B9251D451C8100C01B82 /* DetailViewController.h */ = {isa = PBXFileReference; fileEncoding = 4; lastKnownFileType = sourcecode.c.h; path = DetailViewController.h; sourceTree = "<group>"; };
		2D48B9261D451C8100C01B82 /* DetailViewController.m */ = {isa = PBXFileReference; fileEncoding = 4; lastKnownFileType = sourcecode.c.objc; path = DetailViewController.m; sourceTree = "<group>"; };
/* End PBXFileReference section */

/* Begin PBXFrameworksBuildPhase section */
		2D31D1621D3F590500CF2537 /* Frameworks */ = {
			isa = PBXFrameworksBuildPhase;
			buildActionMask = 2147483647;
			files = (
			);
			runOnlyForDeploymentPostprocessing = 0;
		};
/* End PBXFrameworksBuildPhase section */

/* Begin PBXGroup section */
		2D31D15C1D3F590500CF2537 = {
			isa = PBXGroup;
			children = (
				2D31D1671D3F590500CF2537 /* iOS系统字体大全 */,
				2D31D1661D3F590500CF2537 /* Products */,
			);
			sourceTree = "<group>";
		};
		2D31D1661D3F590500CF2537 /* Products */ = {
			isa = PBXGroup;
			children = (
				2D31D1651D3F590500CF2537 /* iOS系统字体大全.app */,
			);
			name = Products;
			sourceTree = "<group>";
		};
		2D31D1671D3F590500CF2537 /* iOS系统字体大全 */ = {
			isa = PBXGroup;
			children = (
				2D31D16B1D3F590500CF2537 /* AppDelegate.h */,
				2D31D16C1D3F590500CF2537 /* AppDelegate.m */,
				2D31D17F1D3F591300CF2537 /* ViewController.h */,
				2D31D1801D3F591300CF2537 /* ViewController.m */,
				2D48B9251D451C8100C01B82 /* DetailViewController.h */,
				2D48B9261D451C8100C01B82 /* DetailViewController.m */,
				2D31D1711D3F590500CF2537 /* Main.storyboard */,
				2D31D1741D3F590500CF2537 /* Assets.xcassets */,
				2D31D1761D3F590500CF2537 /* LaunchScreen.storyboard */,
				2D31D1791D3F590500CF2537 /* Info.plist */,
				2D31D1681D3F590500CF2537 /* Supporting Files */,
			);
			path = "iOS系统字体大全";
			sourceTree = "<group>";
		};
		2D31D1681D3F590500CF2537 /* Supporting Files */ = {
			isa = PBXGroup;
			children = (
				2D31D1691D3F590500CF2537 /* main.m */,
			);
			name = "Supporting Files";
			sourceTree = "<group>";
		};
/* End PBXGroup section */

/* Begin PBXNativeTarget section */
		2D31D1641D3F590500CF2537 /* iOS系统字体大全 */ = {
			isa = PBXNativeTarget;
			buildConfigurationList = 2D31D17C1D3F590500CF2537 /* Build configuration list for PBXNativeTarget "iOS系统字体大全" */;
			buildPhases = (
				2D31D1611D3F590500CF2537 /* Sources */,
				2D31D1621D3F590500CF2537 /* Frameworks */,
				2D31D1631D3F590500CF2537 /* Resources */,
			);
			buildRules = (
			);
			dependencies = (
			);
			name = "iOS系统字体大全";
			productName = "iOS系统字体大全";
			productReference = 2D31D1651D3F590500CF2537 /* iOS系统字体大全.app */;
			productType = "com.apple.product-type.application";
		};
/* End PBXNativeTarget section */

/* Begin PBXProject section */
		2D31D15D1D3F590500CF2537 /* Project object */ = {
			isa = PBXProject;
			attributes = {
				LastUpgradeCheck = 0730;
				ORGANIZATIONNAME = softlipa;
				TargetAttributes = {
					2D31D1641D3F590500CF2537 = {
						CreatedOnToolsVersion = 7.3.1;
					};
				};
			};
			buildConfigurationList = 2D31D1601D3F590500CF2537 /* Build configuration list for PBXProject "iOS系统字体大全" */;
			compatibilityVersion = "Xcode 3.2";
			developmentRegion = English;
			hasScannedForEncodings = 0;
			knownRegions = (
				en,
				Base,
			);
			mainGroup = 2D31D15C1D3F590500CF2537;
			productRefGroup = 2D31D1661D3F590500CF2537 /* Products */;
			projectDirPath = "";
			projectRoot = "";
			targets = (
				2D31D1641D3F590500CF2537 /* iOS系统字体大全 */,
			);
		};
/* End PBXProject section */

/* Begin PBXResourcesBuildPhase section */
		2D31D1631D3F590500CF2537 /* Resources */ = {
			isa = PBXResourcesBuildPhase;
			buildActionMask = 2147483647;
			files = (
				2D31D1781D3F590500CF2537 /* LaunchScreen.storyboard in Resources */,
				2D31D1751D3F590500CF2537 /* Assets.xcassets in Resources */,
				2D31D1731D3F590500CF2537 /* Main.storyboard in Resources */,
			);
			runOnlyForDeploymentPostprocessing = 0;
		};
/* End PBXResourcesBuildPhase section */

/* Begin PBXSourcesBuildPhase section */
		2D31D1611D3F590500CF2537 /* Sources */ = {
			isa = PBXSourcesBuildPhase;
			buildActionMask = 2147483647;
			files = (
				2D31D1811D3F591300CF2537 /* ViewController.m in Sources */,
				2D31D16D1D3F590500CF2537 /* AppDelegate.m in Sources */,
				2D31D16A1D3F590500CF2537 /* main.m in Sources */,
				2D48B9271D451C8100C01B82 /* DetailViewController.m in Sources */,
			);
			runOnlyForDeploymentPostprocessing = 0;
		};
/* End PBXSourcesBuildPhase section */

/* Begin PBXVariantGroup section */
		2D31D1711D3F590500CF2537 /* Main.storyboard */ = {
			isa = PBXVariantGroup;
			children = (
				2D31D1721D3F590500CF2537 /* Base */,
			);
			name = Main.storyboard;
			sourceTree = "<group>";
		};
		2D31D1761D3F590500CF2537 /* LaunchScreen.storyboard */ = {
			isa = PBXVariantGroup;
			children = (
				2D31D1771D3F590500CF2537 /* Base */,
			);
			name = LaunchScreen.storyboard;
			sourceTree = "<group>";
		};
/* End PBXVariantGroup section */

/* Begin XCBuildConfiguration section */
		2D31D17A1D3F590500CF2537 /* Debug */ = {
			isa = XCBuildConfiguration;
			buildSettings = {
				ALWAYS_SEARCH_USER_PATHS = NO;
				CLANG_ANALYZER_NONNULL = YES;
				CLANG_CXX_LANGUAGE_STANDARD = "gnu++0x";
				CLANG_CXX_LIBRARY = "libc++";
				CLANG_ENABLE_MODULES = YES;
				CLANG_ENABLE_OBJC_ARC = YES;
				CLANG_WARN_BOOL_CONVERSION = YES;
				CLANG_WARN_CONSTANT_CONVERSION = YES;
				CLANG_WARN_DIRECT_OBJC_ISA_USAGE = YES_ERROR;
				CLANG_WARN_EMPTY_BODY = YES;
				CLANG_WARN_ENUM_CONVERSION = YES;
				CLANG_WARN_INT_CONVERSION = YES;
				CLANG_WARN_OBJC_ROOT_CLASS = YES_ERROR;
				CLANG_WARN_UNREACHABLE_CODE = YES;
				CLANG_WARN__DUPLICATE_METHOD_MATCH = YES;
				"CODE_SIGN_IDENTITY[sdk=iphoneos*]" = "iPhone Developer";
				COPY_PHASE_STRIP = NO;
				DEBUG_INFORMATION_FORMAT = dwarf;
				ENABLE_STRICT_OBJC_MSGSEND = YES;
				ENABLE_TESTABILITY = YES;
				GCC_C_LANGUAGE_STANDARD = gnu99;
				GCC_DYNAMIC_NO_PIC = NO;
				GCC_NO_COMMON_BLOCKS = YES;
				GCC_OPTIMIZATION_LEVEL = 0;
				GCC_PREPROCESSOR_DEFINITIONS = (
					"DEBUG=1",
					"$(inherited)",
				);
				GCC_WARN_64_TO_32_BIT_CONVERSION = YES;
				GCC_WARN_ABOUT_RETURN_TYPE = YES_ERROR;
				GCC_WARN_UNDECLARED_SELECTOR = YES;
				GCC_WARN_UNINITIALIZED_AUTOS = YES_AGGRESSIVE;
				GCC_WARN_UNUSED_FUNCTION = YES;
				GCC_WARN_UNUSED_VARIABLE = YES;
				IPHONEOS_DEPLOYMENT_TARGET = 9.3;
				MTL_ENABLE_DEBUG_INFO = YES;
				ONLY_ACTIVE_ARCH = YES;
				SDKROOT = iphoneos;
			};
			name = Debug;
		};
		2D31D17B1D3F590500CF2537 /* Release */ = {
			isa = XCBuildConfiguration;
			buildSettings = {
				ALWAYS_SEARCH_USER_PATHS = NO;
				CLANG_ANALYZER_NONNULL = YES;
				CLANG_CXX_LANGUAGE_STANDARD = "gnu++0x";
				CLANG_CXX_LIBRARY = "libc++";
				CLANG_ENABLE_MODULES = YES;
				CLANG_ENABLE_OBJC_ARC = YES;
				CLANG_WARN_BOOL_CONVERSION = YES;
				CLANG_WARN_CONSTANT_CONVERSION = YES;
				CLANG_WARN_DIRECT_OBJC_ISA_USAGE = YES_ERROR;
				CLANG_WARN_EMPTY_BODY = YES;
				CLANG_WARN_ENUM_CONVERSION = YES;
				CLANG_WARN_INT_CONVERSION = YES;
				CLANG_WARN_OBJC_ROOT_CLASS = YES_ERROR;
				CLANG_WARN_UNREACHABLE_CODE = YES;
				CLANG_WARN__DUPLICATE_METHOD_MATCH = YES;
				"CODE_SIGN_IDENTITY[sdk=iphoneos*]" = "iPhone Developer";
				COPY_PHASE_STRIP = NO;
				DEBUG_INFORMATION_FORMAT = "dwarf-with-dsym";
				ENABLE_NS_ASSERTIONS = NO;
				ENABLE_STRICT_OBJC_MSGSEND = YES;
				GCC_C_LANGUAGE_STANDARD = gnu99;
				GCC_NO_COMMON_BLOCKS = YES;
				GCC_WARN_64_TO_32_BIT_CONVERSION = YES;
				GCC_WARN_ABOUT_RETURN_TYPE = YES_ERROR;
				GCC_WARN_UNDECLARED_SELECTOR = YES;
				GCC_WARN_UNINITIALIZED_AUTOS = YES_AGGRESSIVE;
				GCC_WARN_UNUSED_FUNCTION = YES;
				GCC_WARN_UNUSED_VARIABLE = YES;
				IPHONEOS_DEPLOYMENT_TARGET = 9.3;
				MTL_ENABLE_DEBUG_INFO = NO;
				SDKROOT = iphoneos;
				VALIDATE_PRODUCT = YES;
			};
			name = Release;
		};
		2D31D17D1D3F590500CF2537 /* Debug */ = {
			isa = XCBuildConfiguration;
			buildSettings = {
				ASSETCATALOG_COMPILER_APPICON_NAME = AppIcon;
				CODE_SIGN_IDENTITY = "iPhone Developer";
				"CODE_SIGN_IDENTITY[sdk=iphoneos*]" = "iPhone Developer";
				INFOPLIST_FILE = "iOS系统字体大全/Info.plist";
				IPHONEOS_DEPLOYMENT_TARGET = 8.0;
				LD_RUNPATH_SEARCH_PATHS = "$(inherited) @executable_path/Frameworks";
				PRODUCT_BUNDLE_IDENTIFIER = com.softlipa.font;
				PRODUCT_NAME = "$(TARGET_NAME)";
				PROVISIONING_PROFILE = "";
			};
			name = Debug;
		};
		2D31D17E1D3F590500CF2537 /* Release */ = {
			isa = XCBuildConfiguration;
			buildSettings = {
				ASSETCATALOG_COMPILER_APPICON_NAME = AppIcon;
				CODE_SIGN_IDENTITY = "iPhone Developer";
				"CODE_SIGN_IDENTITY[sdk=iphoneos*]" = "iPhone Developer";
				INFOPLIST_FILE = "iOS系统字体大全/Info.plist";
				IPHONEOS_DEPLOYMENT_TARGET = 8.0;
				LD_RUNPATH_SEARCH_PATHS = "$(inherited) @executable_path/Frameworks";
				PRODUCT_BUNDLE_IDENTIFIER = com.softlipa.font;
				PRODUCT_NAME = "$(TARGET_NAME)";
				PROVISIONING_PROFILE = "";
			};
			name = Release;
		};
/* End XCBuildConfiguration section */

/* Begin XCConfigurationList section */
		2D31D1601D3F590500CF2537 /* Build configuration list for PBXProject "iOS系统字体大全" */ = {
			isa = XCConfigurationList;
			buildConfigurations = (
				2D31D17A1D3F590500CF2537 /* Debug */,
				2D31D17B1D3F590500CF2537 /* Release */,
			);
			defaultConfigurationIsVisible = 0;
			defaultConfigurationName = Release;
		};
		2D31D17C1D3F590500CF2537 /* Build configuration list for PBXNativeTarget "iOS系统字体大全" */ = {
			isa = XCConfigurationList;
			buildConfigurations = (
				2D31D17D1D3F590500CF2537 /* Debug */,
				2D31D17E1D3F590500CF2537 /* Release */,
			);
			defaultConfigurationIsVisible = 0;
			defaultConfigurationName = Release;
		};
/* End XCConfigurationList section */
	};
	rootObject = 2D31D15D1D3F590500CF2537 /* Project object */;
}
